
Microsoft Visual Studio Solution File, Format Version 12.00
# Visual Studio 15
VisualStudioVersion = 15.0.27130.2024
MinimumVisualStudioVersion = 10.0.40219.1
Project("{FAE04EC0-301F-11D3-BF4B-00C04F79EFBC}") = "AttendanceExportToolWin", "AttendanceExportToolWin.csproj", "{5AE515C2-4313-4115-992C-9D6C0D78F0D7}"
EndProject
Global
	GlobalSection(SolutionConfigurationPlatforms) = preSolution
		Debug|Any CPU = Debug|Any CPU
		Release|Any CPU = Release|Any CPU
	EndGlobalSection
	GlobalSection(ProjectConfigurationPlatforms) = postSolution
		{5AE515C2-4313-4115-992C-9D6C0D78F0D7}.Debug|Any CPU.ActiveCfg = Debug|Any CPU
		{5AE515C2-4313-4115-992C-9D6C0D78F0D7}.Debug|Any CPU.Build.0 = Debug|Any CPU
		{5AE515C2-4313-4115-992C-9D6C0D78F0D7}.Release|Any CPU.ActiveCfg = Release|Any CPU
		{5AE515C2-4313-4115-992C-9D6C0D78F0D7}.Release|Any CPU.Build.0 = Release|Any CPU
	EndGlobalSection
	GlobalSection(SolutionProperties) = preSolution
		HideSolutionNode = FALSE
	EndGlobalSection
	GlobalSection(ExtensibilityGlobals) = postSolution
		SolutionGuid = {BBCB3B9D-0653-4E1D-9B2E-B9E1F5E327FD}
	EndGlobalSection
EndGlobal
